
Microsoft Visual Studio Solution File, Format Version 12.00
# Visual Studio Version 17
VisualStudioVersion = 17.5.2.0
MinimumVisualStudioVersion = 10.0.40219.1
Project("{2150E333-8FDC-42A3-9474-1A3956D46DE8}") = "BackendAPI", "BackendAPI", "{BB1A4DDA-9B66-82B4-A194-4827440FE49A}"
EndProject
Project("{FAE04EC0-301F-11D3-BF4B-00C04F79EFBC}") = "FootballClubAPI", "BackendAPI\FootballClubAPI.csproj", "{B215D0B2-3F1A-2461-2AE2-A677FB2CCF56}"
EndProject
<<<<<<< HEAD
Project("{FAE04EC0-301F-11D3-BF4B-00C04F79EFBC}") = "BackendAPI.Tests", "BackendAPI.Tests\BackendAPI.Tests.csproj", "{496501D9-4C06-4401-A477-13CC8D6EFF5F}"
=======
Project("{FAE04EC0-301F-11D3-BF4B-00C04F79EFBC}") = "FootballClubAPI.Tests", "FootballClubAPI.Tests\FootballClubAPI.Tests.csproj", "{D081D8B0-B4E1-4011-AE47-A6C3AE0AB716}"
>>>>>>> 26e4a8041e6c280df256fe16226347f8870939dc
EndProject
Global
	GlobalSection(SolutionConfigurationPlatforms) = preSolution
		Debug|Any CPU = Debug|Any CPU
		Debug|x64 = Debug|x64
		Debug|x86 = Debug|x86
		Release|Any CPU = Release|Any CPU
		Release|x64 = Release|x64
		Release|x86 = Release|x86
	EndGlobalSection
	GlobalSection(ProjectConfigurationPlatforms) = postSolution
		{B215D0B2-3F1A-2461-2AE2-A677FB2CCF56}.Debug|Any CPU.ActiveCfg = Debug|Any CPU
		{B215D0B2-3F1A-2461-2AE2-A677FB2CCF56}.Debug|Any CPU.Build.0 = Debug|Any CPU
		{B215D0B2-3F1A-2461-2AE2-A677FB2CCF56}.Debug|x64.ActiveCfg = Debug|Any CPU
		{B215D0B2-3F1A-2461-2AE2-A677FB2CCF56}.Debug|x64.Build.0 = Debug|Any CPU
		{B215D0B2-3F1A-2461-2AE2-A677FB2CCF56}.Debug|x86.ActiveCfg = Debug|Any CPU
		{B215D0B2-3F1A-2461-2AE2-A677FB2CCF56}.Debug|x86.Build.0 = Debug|Any CPU
		{B215D0B2-3F1A-2461-2AE2-A677FB2CCF56}.Release|Any CPU.ActiveCfg = Release|Any CPU
		{B215D0B2-3F1A-2461-2AE2-A677FB2CCF56}.Release|Any CPU.Build.0 = Release|Any CPU
		{B215D0B2-3F1A-2461-2AE2-A677FB2CCF56}.Release|x64.ActiveCfg = Release|Any CPU
		{B215D0B2-3F1A-2461-2AE2-A677FB2CCF56}.Release|x64.Build.0 = Release|Any CPU
		{B215D0B2-3F1A-2461-2AE2-A677FB2CCF56}.Release|x86.ActiveCfg = Release|Any CPU
		{B215D0B2-3F1A-2461-2AE2-A677FB2CCF56}.Release|x86.Build.0 = Release|Any CPU
<<<<<<< HEAD
		{496501D9-4C06-4401-A477-13CC8D6EFF5F}.Debug|Any CPU.ActiveCfg = Debug|Any CPU
		{496501D9-4C06-4401-A477-13CC8D6EFF5F}.Debug|Any CPU.Build.0 = Debug|Any CPU
		{496501D9-4C06-4401-A477-13CC8D6EFF5F}.Debug|x64.ActiveCfg = Debug|Any CPU
		{496501D9-4C06-4401-A477-13CC8D6EFF5F}.Debug|x64.Build.0 = Debug|Any CPU
		{496501D9-4C06-4401-A477-13CC8D6EFF5F}.Debug|x86.ActiveCfg = Debug|Any CPU
		{496501D9-4C06-4401-A477-13CC8D6EFF5F}.Debug|x86.Build.0 = Debug|Any CPU
		{496501D9-4C06-4401-A477-13CC8D6EFF5F}.Release|Any CPU.ActiveCfg = Release|Any CPU
		{496501D9-4C06-4401-A477-13CC8D6EFF5F}.Release|Any CPU.Build.0 = Release|Any CPU
		{496501D9-4C06-4401-A477-13CC8D6EFF5F}.Release|x64.ActiveCfg = Release|Any CPU
		{496501D9-4C06-4401-A477-13CC8D6EFF5F}.Release|x64.Build.0 = Release|Any CPU
		{496501D9-4C06-4401-A477-13CC8D6EFF5F}.Release|x86.ActiveCfg = Release|Any CPU
		{496501D9-4C06-4401-A477-13CC8D6EFF5F}.Release|x86.Build.0 = Release|Any CPU
=======
		{D081D8B0-B4E1-4011-AE47-A6C3AE0AB716}.Debug|Any CPU.ActiveCfg = Debug|Any CPU
		{D081D8B0-B4E1-4011-AE47-A6C3AE0AB716}.Debug|Any CPU.Build.0 = Debug|Any CPU
		{D081D8B0-B4E1-4011-AE47-A6C3AE0AB716}.Debug|x64.ActiveCfg = Debug|Any CPU
		{D081D8B0-B4E1-4011-AE47-A6C3AE0AB716}.Debug|x64.Build.0 = Debug|Any CPU
		{D081D8B0-B4E1-4011-AE47-A6C3AE0AB716}.Debug|x86.ActiveCfg = Debug|Any CPU
		{D081D8B0-B4E1-4011-AE47-A6C3AE0AB716}.Debug|x86.Build.0 = Debug|Any CPU
		{D081D8B0-B4E1-4011-AE47-A6C3AE0AB716}.Release|Any CPU.ActiveCfg = Release|Any CPU
		{D081D8B0-B4E1-4011-AE47-A6C3AE0AB716}.Release|Any CPU.Build.0 = Release|Any CPU
		{D081D8B0-B4E1-4011-AE47-A6C3AE0AB716}.Release|x64.ActiveCfg = Release|Any CPU
		{D081D8B0-B4E1-4011-AE47-A6C3AE0AB716}.Release|x64.Build.0 = Release|Any CPU
		{D081D8B0-B4E1-4011-AE47-A6C3AE0AB716}.Release|x86.ActiveCfg = Release|Any CPU
		{D081D8B0-B4E1-4011-AE47-A6C3AE0AB716}.Release|x86.Build.0 = Release|Any CPU
>>>>>>> 26e4a8041e6c280df256fe16226347f8870939dc
	EndGlobalSection
	GlobalSection(SolutionProperties) = preSolution
		HideSolutionNode = FALSE
	EndGlobalSection
	GlobalSection(NestedProjects) = preSolution
		{B215D0B2-3F1A-2461-2AE2-A677FB2CCF56} = {BB1A4DDA-9B66-82B4-A194-4827440FE49A}
	EndGlobalSection
	GlobalSection(ExtensibilityGlobals) = postSolution
		SolutionGuid = {D1A4F4B1-A672-4792-9152-2742A8B15E50}
	EndGlobalSection
EndGlobal
